
Microsoft Visual Studio Solution File, Format Version 12.00
# Visual Studio Version 16
VisualStudioVersion = 16.0.29418.71
MinimumVisualStudioVersion = 10.0.40219.1
Project("{FAE04EC0-301F-11D3-BF4B-00C04F79EFBC}") = "portfolio manager", "portfolio manager\portfolio manager.csproj", "{59F47E58-896A-472D-9699-60C9464D7615}"
EndProject
Project("{FAE04EC0-301F-11D3-BF4B-00C04F79EFBC}") = "WpfApp2", "..\5092\WpfApp2\WpfApp2.csproj", "{4E717300-4A2B-49E7-B76F-9D3D3E6DF68A}"
EndProject
Global
	GlobalSection(SolutionConfigurationPlatforms) = preSolution
		Debug|Any CPU = Debug|Any CPU
		Release|Any CPU = Release|Any CPU
	EndGlobalSection
	GlobalSection(ProjectConfigurationPlatforms) = postSolution
		{59F47E58-896A-472D-9699-60C9464D7615}.Debug|Any CPU.ActiveCfg = Debug|Any CPU
		{59F47E58-896A-472D-9699-60C9464D7615}.Debug|Any CPU.Build.0 = Debug|Any CPU
		{59F47E58-896A-472D-9699-60C9464D7615}.Release|Any CPU.ActiveCfg = Release|Any CPU
		{59F47E58-896A-472D-9699-60C9464D7615}.Release|Any CPU.Build.0 = Release|Any CPU
		{4E717300-4A2B-49E7-B76F-9D3D3E6DF68A}.Debug|Any CPU.ActiveCfg = Debug|Any CPU
		{4E717300-4A2B-49E7-B76F-9D3D3E6DF68A}.Debug|Any CPU.Build.0 = Debug|Any CPU
		{4E717300-4A2B-49E7-B76F-9D3D3E6DF68A}.Release|Any CPU.ActiveCfg = Release|Any CPU
		{4E717300-4A2B-49E7-B76F-9D3D3E6DF68A}.Release|Any CPU.Build.0 = Release|Any CPU
	EndGlobalSection
	GlobalSection(SolutionProperties) = preSolution
		HideSolutionNode = FALSE
	EndGlobalSection
	GlobalSection(ExtensibilityGlobals) = postSolution
		SolutionGuid = {4C8210F4-81BD-40B6-94EB-2BB852621424}
	EndGlobalSection
EndGlobal
